
Microsoft Visual Studio Solution File, Format Version 12.00
# Visual Studio Version 17
VisualStudioVersion = 17.14.36811.4
MinimumVisualStudioVersion = 10.0.40219.1
Project("{FAE04EC0-301F-11D3-BF4B-00C04F79EFBC}") = "PetRegister.Domain", "PetRegister.Domain\PetRegister.Domain.csproj", "{6A8A1E83-4960-4CCB-82F5-45186279C6EB}"
EndProject
Project("{FAE04EC0-301F-11D3-BF4B-00C04F79EFBC}") = "PetRegister.Application", "PetRegister.Application\PetRegister.Application.csproj", "{C365F23D-3402-4276-9AA9-DD351C505ED6}"
EndProject
Project("{FAE04EC0-301F-11D3-BF4B-00C04F79EFBC}") = "PetRegister.Infrastructure", "PetRegister.Infrastructure\PetRegister.Infrastructure.csproj", "{01C41538-133B-4420-9AB2-13D0593EEC01}"
EndProject
Project("{FAE04EC0-301F-11D3-BF4B-00C04F79EFBC}") = "PetRegister.API", "PetRegister.API\PetRegister.API.csproj", "{38CB297C-5D8B-4CB0-B886-555D3DF07C15}"
EndProject
Global
	GlobalSection(SolutionConfigurationPlatforms) = preSolution
		Debug|Any CPU = Debug|Any CPU
		Release|Any CPU = Release|Any CPU
	EndGlobalSection
	GlobalSection(ProjectConfigurationPlatforms) = postSolution
		{6A8A1E83-4960-4CCB-82F5-45186279C6EB}.Debug|Any CPU.ActiveCfg = Debug|Any CPU
		{6A8A1E83-4960-4CCB-82F5-45186279C6EB}.Debug|Any CPU.Build.0 = Debug|Any CPU
		{6A8A1E83-4960-4CCB-82F5-45186279C6EB}.Release|Any CPU.ActiveCfg = Release|Any CPU
		{6A8A1E83-4960-4CCB-82F5-45186279C6EB}.Release|Any CPU.Build.0 = Release|Any CPU
		{C365F23D-3402-4276-9AA9-DD351C505ED6}.Debug|Any CPU.ActiveCfg = Debug|Any CPU
		{C365F23D-3402-4276-9AA9-DD351C505ED6}.Debug|Any CPU.Build.0 = Debug|Any CPU
		{C365F23D-3402-4276-9AA9-DD351C505ED6}.Release|Any CPU.ActiveCfg = Release|Any CPU
		{C365F23D-3402-4276-9AA9-DD351C505ED6}.Release|Any CPU.Build.0 = Release|Any CPU
		{01C41538-133B-4420-9AB2-13D0593EEC01}.Debug|Any CPU.ActiveCfg = Debug|Any CPU
		{01C41538-133B-4420-9AB2-13D0593EEC01}.Debug|Any CPU.Build.0 = Debug|Any CPU
		{01C41538-133B-4420-9AB2-13D0593EEC01}.Release|Any CPU.ActiveCfg = Release|Any CPU
		{01C41538-133B-4420-9AB2-13D0593EEC01}.Release|Any CPU.Build.0 = Release|Any CPU
		{38CB297C-5D8B-4CB0-B886-555D3DF07C15}.Debug|Any CPU.ActiveCfg = Debug|Any CPU
		{38CB297C-5D8B-4CB0-B886-555D3DF07C15}.Debug|Any CPU.Build.0 = Debug|Any CPU
		{38CB297C-5D8B-4CB0-B886-555D3DF07C15}.Release|Any CPU.ActiveCfg = Release|Any CPU
		{38CB297C-5D8B-4CB0-B886-555D3DF07C15}.Release|Any CPU.Build.0 = Release|Any CPU
	EndGlobalSection
	GlobalSection(SolutionProperties) = preSolution
		HideSolutionNode = FALSE
	EndGlobalSection
	GlobalSection(ExtensibilityGlobals) = postSolution
		SolutionGuid = {DBE4DC8C-B721-466D-AB81-21DED9FBB39E}
	EndGlobalSection
EndGlobal
